
Microsoft Visual Studio Solution File, Format Version 12.00
# Visual Studio Version 17
VisualStudioVersion = 17.0.31903.59
MinimumVisualStudioVersion = 10.0.40219.1
Project("{2150E333-8FDC-42A3-9474-1A3956D46DE8}") = "src", "src", "{A022E9C9-7118-434F-B582-2131BBEC3422}"
EndProject
Project("{2150E333-8FDC-42A3-9474-1A3956D46DE8}") = "samples", "samples", "{9A88C9C7-86D5-4FE6-8987-AE25688195C4}"
EndProject
Project("{2150E333-8FDC-42A3-9474-1A3956D46DE8}") = "tests", "tests", "{1CD08FFC-84A2-4357-91E4-B68AE7384D8A}"
EndProject
Project("{9A19103F-16F7-4668-BE54-9A1E7A4F7556}") = "AvalonDock", "src\AvalonDock\AvalonDock.csproj", "{4628C906-ACD4-4198-A36E-5E9DE7972F6F}"
EndProject
Project("{9A19103F-16F7-4668-BE54-9A1E7A4F7556}") = "AvalonDock.Themes.Aero", "src\AvalonDock.Themes.Aero\AvalonDock.Themes.Aero.csproj", "{2EBB8A6B-30D3-422E-B8B5-26D1879FB1D5}"
EndProject
Project("{9A19103F-16F7-4668-BE54-9A1E7A4F7556}") = "AvalonDock.Themes.Expression", "src\AvalonDock.Themes.Expression\AvalonDock.Themes.Expression.csproj", "{683369F5-32C7-4B33-AD44-8949227E2B3C}"
EndProject
Project("{9A19103F-16F7-4668-BE54-9A1E7A4F7556}") = "AvalonDock.Themes.Metro", "src\AvalonDock.Themes.Metro\AvalonDock.Themes.Metro.csproj", "{6DF70AA5-A3F4-4731-98D5-CADDCFAB4267}"
EndProject
Project("{9A19103F-16F7-4668-BE54-9A1E7A4F7556}") = "AvalonDock.Themes.VS2010", "src\AvalonDock.Themes.VS2010\AvalonDock.Themes.VS2010.csproj", "{00E0507F-FF55-4F27-8B09-34A651482F19}"
EndProject
Project("{9A19103F-16F7-4668-BE54-9A1E7A4F7556}") = "AvalonDock.Themes.VS2013", "src\AvalonDock.Themes.VS2013\AvalonDock.Themes.VS2013.csproj", "{41983D7E-E6F8-4A48-9AA9-24EA7922E03B}"
EndProject
Project("{9A19103F-16F7-4668-BE54-9A1E7A4F7556}") = "AvalonDockTest", "tests\AutomationTest\AvalonDockTest\AvalonDockTest.csproj", "{FE4E16A2-876A-4356-9974-8A89C50B2A5A}"
EndProject
Project("{9A19103F-16F7-4668-BE54-9A1E7A4F7556}") = "AvalonDocPanelMemoryLeaks", "tests\AvalonDocPanelMemoryLeaks\AvalonDocPanelMemoryLeaks.csproj", "{CF5CC19C-2624-4807-8B69-58D3A25D4825}"
EndProject
Project("{9A19103F-16F7-4668-BE54-9A1E7A4F7556}") = "CaliburnDockTestApp", "samples\CaliburnDockTestApp\CaliburnDockTestApp.csproj", "{2F055821-B56B-4025-92AE-9A905E0587CF}"
EndProject
Project("{9A19103F-16F7-4668-BE54-9A1E7A4F7556}") = "MVVMTestApp", "samples\MVVMTestApp\MVVMTestApp.csproj", "{4D848550-4BD0-44DE-9570-3A6AB6552F9D}"
EndProject
Project("{9A19103F-16F7-4668-BE54-9A1E7A4F7556}") = "VS2013Test", "samples\VS2013Test\VS2013Test.csproj", "{D46FDF0E-03E7-4635-94D7-56429D8FF72A}"
EndProject
Project("{9A19103F-16F7-4668-BE54-9A1E7A4F7556}") = "WinFormsTestApp", "samples\WinFormsTestApp\WinFormsTestApp.csproj", "{67A15925-5010-4C8C-AE44-47BA6D7D5752}"
EndProject
Project("{9A19103F-16F7-4668-BE54-9A1E7A4F7556}") = "TestApp", "samples\TestApp\TestApp.csproj", "{549E5AD9-8606-4672-8884-998EC593D0BA}"
EndProject
Project("{2150E333-8FDC-42A3-9474-1A3956D46DE8}") = "Solution Items", "Solution Items", "{B9F647E8-B209-4DC6-AE03-8E4EADC0C258}"
	ProjectSection(SolutionItems) = preProject
		.editorconfig = .editorconfig
		.gitignore = .gitignore
		.github\workflows\build.yml = .github\workflows\build.yml
		LICENSE = LICENSE
		README.md = README.md
	EndProjectSection
EndProject
Global
	GlobalSection(SolutionConfigurationPlatforms) = preSolution
		Debug|Any CPU = Debug|Any CPU
		Release|Any CPU = Release|Any CPU
	EndGlobalSection
	GlobalSection(ProjectConfigurationPlatforms) = postSolution
		{4628C906-ACD4-4198-A36E-5E9DE7972F6F}.Debug|Any CPU.ActiveCfg = Debug|Any CPU
		{4628C906-ACD4-4198-A36E-5E9DE7972F6F}.Debug|Any CPU.Build.0 = Debug|Any CPU
		{4628C906-ACD4-4198-A36E-5E9DE7972F6F}.Release|Any CPU.ActiveCfg = Release|Any CPU
		{4628C906-ACD4-4198-A36E-5E9DE7972F6F}.Release|Any CPU.Build.0 = Release|Any CPU
		{2EBB8A6B-30D3-422E-B8B5-26D1879FB1D5}.Debug|Any CPU.ActiveCfg = Debug|Any CPU
		{2EBB8A6B-30D3-422E-B8B5-26D1879FB1D5}.Debug|Any CPU.Build.0 = Debug|Any CPU
		{2EBB8A6B-30D3-422E-B8B5-26D1879FB1D5}.Release|Any CPU.ActiveCfg = Release|Any CPU
		{2EBB8A6B-30D3-422E-B8B5-26D1879FB1D5}.Release|Any CPU.Build.0 = Release|Any CPU
		{683369F5-32C7-4B33-AD44-8949227E2B3C}.Debug|Any CPU.ActiveCfg = Debug|Any CPU
		{683369F5-32C7-4B33-AD44-8949227E2B3C}.Debug|Any CPU.Build.0 = Debug|Any CPU
		{683369F5-32C7-4B33-AD44-8949227E2B3C}.Release|Any CPU.ActiveCfg = Release|Any CPU
		{683369F5-32C7-4B33-AD44-8949227E2B3C}.Release|Any CPU.Build.0 = Release|Any CPU
		{6DF70AA5-A3F4-4731-98D5-CADDCFAB4267}.Debug|Any CPU.ActiveCfg = Debug|Any CPU
		{6DF70AA5-A3F4-4731-98D5-CADDCFAB4267}.Debug|Any CPU.Build.0 = Debug|Any CPU
		{6DF70AA5-A3F4-4731-98D5-CADDCFAB4267}.Release|Any CPU.ActiveCfg = Release|Any CPU
		{6DF70AA5-A3F4-4731-98D5-CADDCFAB4267}.Release|Any CPU.Build.0 = Release|Any CPU
		{00E0507F-FF55-4F27-8B09-34A651482F19}.Debug|Any CPU.ActiveCfg = Debug|Any CPU
		{00E0507F-FF55-4F27-8B09-34A651482F19}.Debug|Any CPU.Build.0 = Debug|Any CPU
		{00E0507F-FF55-4F27-8B09-34A651482F19}.Release|Any CPU.ActiveCfg = Release|Any CPU
		{00E0507F-FF55-4F27-8B09-34A651482F19}.Release|Any CPU.Build.0 = Release|Any CPU
		{41983D7E-E6F8-4A48-9AA9-24EA7922E03B}.Debug|Any CPU.ActiveCfg = Debug|Any CPU
		{41983D7E-E6F8-4A48-9AA9-24EA7922E03B}.Debug|Any CPU.Build.0 = Debug|Any CPU
		{41983D7E-E6F8-4A48-9AA9-24EA7922E03B}.Release|Any CPU.ActiveCfg = Release|Any CPU
		{41983D7E-E6F8-4A48-9AA9-24EA7922E03B}.Release|Any CPU.Build.0 = Release|Any CPU
		{FE4E16A2-876A-4356-9974-8A89C50B2A5A}.Debug|Any CPU.ActiveCfg = Debug|Any CPU
		{FE4E16A2-876A-4356-9974-8A89C50B2A5A}.Debug|Any CPU.Build.0 = Debug|Any CPU
		{FE4E16A2-876A-4356-9974-8A89C50B2A5A}.Release|Any CPU.ActiveCfg = Release|Any CPU
		{FE4E16A2-876A-4356-9974-8A89C50B2A5A}.Release|Any CPU.Build.0 = Release|Any CPU
		{CF5CC19C-2624-4807-8B69-58D3A25D4825}.Debug|Any CPU.ActiveCfg = Debug|Any CPU
		{CF5CC19C-2624-4807-8B69-58D3A25D4825}.Debug|Any CPU.Build.0 = Debug|Any CPU
		{CF5CC19C-2624-4807-8B69-58D3A25D4825}.Release|Any CPU.ActiveCfg = Release|Any CPU
		{CF5CC19C-2624-4807-8B69-58D3A25D4825}.Release|Any CPU.Build.0 = Release|Any CPU
		{2F055821-B56B-4025-92AE-9A905E0587CF}.Debug|Any CPU.ActiveCfg = Debug|Any CPU
		{2F055821-B56B-4025-92AE-9A905E0587CF}.Debug|Any CPU.Build.0 = Debug|Any CPU
		{2F055821-B56B-4025-92AE-9A905E0587CF}.Release|Any CPU.ActiveCfg = Release|Any CPU
		{2F055821-B56B-4025-92AE-9A905E0587CF}.Release|Any CPU.Build.0 = Release|Any CPU
		{4D848550-4BD0-44DE-9570-3A6AB6552F9D}.Debug|Any CPU.ActiveCfg = Debug|Any CPU
		{4D848550-4BD0-44DE-9570-3A6AB6552F9D}.Debug|Any CPU.Build.0 = Debug|Any CPU
		{4D848550-4BD0-44DE-9570-3A6AB6552F9D}.Release|Any CPU.ActiveCfg = Release|Any CPU
		{4D848550-4BD0-44DE-9570-3A6AB6552F9D}.Release|Any CPU.Build.0 = Release|Any CPU
		{D46FDF0E-03E7-4635-94D7-56429D8FF72A}.Debug|Any CPU.ActiveCfg = Debug|Any CPU
		{D46FDF0E-03E7-4635-94D7-56429D8FF72A}.Debug|Any CPU.Build.0 = Debug|Any CPU
		{D46FDF0E-03E7-4635-94D7-56429D8FF72A}.Release|Any CPU.ActiveCfg = Release|Any CPU
		{D46FDF0E-03E7-4635-94D7-56429D8FF72A}.Release|Any CPU.Build.0 = Release|Any CPU
		{67A15925-5010-4C8C-AE44-47BA6D7D5752}.Debug|Any CPU.ActiveCfg = Debug|Any CPU
		{67A15925-5010-4C8C-AE44-47BA6D7D5752}.Debug|Any CPU.Build.0 = Debug|Any CPU
		{67A15925-5010-4C8C-AE44-47BA6D7D5752}.Release|Any CPU.ActiveCfg = Release|Any CPU
		{67A15925-5010-4C8C-AE44-47BA6D7D5752}.Release|Any CPU.Build.0 = Release|Any CPU
		{549E5AD9-8606-4672-8884-998EC593D0BA}.Debug|Any CPU.ActiveCfg = Debug|Any CPU
		{549E5AD9-8606-4672-8884-998EC593D0BA}.Debug|Any CPU.Build.0 = Debug|Any CPU
		{549E5AD9-8606-4672-8884-998EC593D0BA}.Release|Any CPU.ActiveCfg = Release|Any CPU
		{549E5AD9-8606-4672-8884-998EC593D0BA}.Release|Any CPU.Build.0 = Release|Any CPU
	EndGlobalSection
	GlobalSection(SolutionProperties) = preSolution
		HideSolutionNode = FALSE
	EndGlobalSection
	GlobalSection(NestedProjects) = preSolution
		{4628C906-ACD4-4198-A36E-5E9DE7972F6F} = {A022E9C9-7118-434F-B582-2131BBEC3422}
		{2EBB8A6B-30D3-422E-B8B5-26D1879FB1D5} = {A022E9C9-7118-434F-B582-2131BBEC3422}
		{683369F5-32C7-4B33-AD44-8949227E2B3C} = {A022E9C9-7118-434F-B582-2131BBEC3422}
		{6DF70AA5-A3F4-4731-98D5-CADDCFAB4267} = {A022E9C9-7118-434F-B582-2131BBEC3422}
		{00E0507F-FF55-4F27-8B09-34A651482F19} = {A022E9C9-7118-434F-B582-2131BBEC3422}
		{41983D7E-E6F8-4A48-9AA9-24EA7922E03B} = {A022E9C9-7118-434F-B582-2131BBEC3422}
		{FE4E16A2-876A-4356-9974-8A89C50B2A5A} = {1CD08FFC-84A2-4357-91E4-B68AE7384D8A}
		{CF5CC19C-2624-4807-8B69-58D3A25D4825} = {1CD08FFC-84A2-4357-91E4-B68AE7384D8A}
		{2F055821-B56B-4025-92AE-9A905E0587CF} = {9A88C9C7-86D5-4FE6-8987-AE25688195C4}
		{4D848550-4BD0-44DE-9570-3A6AB6552F9D} = {9A88C9C7-86D5-4FE6-8987-AE25688195C4}
		{D46FDF0E-03E7-4635-94D7-56429D8FF72A} = {9A88C9C7-86D5-4FE6-8987-AE25688195C4}
		{67A15925-5010-4C8C-AE44-47BA6D7D5752} = {9A88C9C7-86D5-4FE6-8987-AE25688195C4}
		{549E5AD9-8606-4672-8884-998EC593D0BA} = {9A88C9C7-86D5-4FE6-8987-AE25688195C4}
	EndGlobalSection
	GlobalSection(ExtensibilityGlobals) = postSolution
		SolutionGuid = {841EBFB4-EFB1-4D03-8353-BB745231DB5B}
	EndGlobalSection
EndGlobal
